
Microsoft Visual Studio Solution File, Format Version 12.00
# Visual Studio Version 16
VisualStudioVersion = 16.0.28902.138
MinimumVisualStudioVersion = 10.0.40219.1
Project("{FAE04EC0-301F-11D3-BF4B-00C04F79EFBC}") = "Market", "Market\Market.csproj", "{A77B8898-CC16-43B3-BC0A-2CB20ED9242D}"
EndProject
Global
	GlobalSection(SolutionConfigurationPlatforms) = preSolution
		Debug|Any CPU = Debug|Any CPU
		Release|Any CPU = Release|Any CPU
	EndGlobalSection
	GlobalSection(ProjectConfigurationPlatforms) = postSolution
		{A77B8898-CC16-43B3-BC0A-2CB20ED9242D}.Debug|Any CPU.ActiveCfg = Debug|Any CPU
		{A77B8898-CC16-43B3-BC0A-2CB20ED9242D}.Debug|Any CPU.Build.0 = Debug|Any CPU
		{A77B8898-CC16-43B3-BC0A-2CB20ED9242D}.Release|Any CPU.ActiveCfg = Release|Any CPU
		{A77B8898-CC16-43B3-BC0A-2CB20ED9242D}.Release|Any CPU.Build.0 = Release|Any CPU
	EndGlobalSection
	GlobalSection(SolutionProperties) = preSolution
		HideSolutionNode = FALSE
	EndGlobalSection
	GlobalSection(ExtensibilityGlobals) = postSolution
		SolutionGuid = {08C89492-0C0F-4FE4-A01D-4175E8D823CC}
	EndGlobalSection
EndGlobal
